
Microsoft Visual Studio Solution File, Format Version 12.00
# Visual Studio Version 16
VisualStudioVersion = 16.0.28803.202
MinimumVisualStudioVersion = 10.0.40219.1
Project("{FAE04EC0-301F-11D3-BF4B-00C04F79EFBC}") = "cia.factbook.parse", "cia.factbook.parse\cia.factbook.parse.csproj", "{17DA6177-BF3D-4BD1-B303-5C858CC935DE}"
EndProject
Global
	GlobalSection(SolutionConfigurationPlatforms) = preSolution
		Debug|Any CPU = Debug|Any CPU
		Release|Any CPU = Release|Any CPU
	EndGlobalSection
	GlobalSection(ProjectConfigurationPlatforms) = postSolution
		{17DA6177-BF3D-4BD1-B303-5C858CC935DE}.Debug|Any CPU.ActiveCfg = Debug|Any CPU
		{17DA6177-BF3D-4BD1-B303-5C858CC935DE}.Debug|Any CPU.Build.0 = Debug|Any CPU
		{17DA6177-BF3D-4BD1-B303-5C858CC935DE}.Release|Any CPU.ActiveCfg = Release|Any CPU
		{17DA6177-BF3D-4BD1-B303-5C858CC935DE}.Release|Any CPU.Build.0 = Release|Any CPU
	EndGlobalSection
	GlobalSection(SolutionProperties) = preSolution
		HideSolutionNode = FALSE
	EndGlobalSection
	GlobalSection(ExtensibilityGlobals) = postSolution
		SolutionGuid = {B0598FF2-27A1-42E6-9248-E5DE8947EA89}
	EndGlobalSection
EndGlobal
